// !$*UTF8*$!
{
	archiveVersion = 1;
	classes = {
	};
	objectVersion = 56;
	objects = {

/* Begin PBXBuildFile section */
		A64EEA1E2FCE07ED00EB8E46 /* SpaceRunApp.swift in Sources */ = {isa = PBXBuildFile; fileRef = A64EEA1D2FCE07ED00EB8E46 /* SpaceRunApp.swift */; };
		A64EEA202FCE07ED00EB8E46 /* ContentView.swift in Sources */ = {isa = PBXBuildFile; fileRef = A64EEA1F2FCE07ED00EB8E46 /* ContentView.swift */; };
		A64EEA222FCE07FC00EB8E46 /* Assets.xcassets in Resources */ = {isa = PBXBuildFile; fileRef = A64EEA212FCE07FC00EB8E46 /* Assets.xcassets */; };
		A64EEA252FCE07FC00EB8E46 /* Preview Assets.xcassets in Resources */ = {isa = PBXBuildFile; fileRef = A64EEA242FCE07FC00EB8E46 /* Preview Assets.xcassets */; };
		A64EEA2B2FCE07FC00EB8E46 /* SpaceRun Watch App.app in Embed Watch Content */ = {isa = PBXBuildFile; fileRef = A64EEA2A2FCE07FC00EB8E46 /* SpaceRun Watch App.app */; settings = {ATTRIBUTES = (RemoveHeadersOnCopy, ); }; };
		A64EEA302FCE07FC00EB8E46 /* SpaceRunApp.swift in Sources */ = {isa = PBXBuildFile; fileRef = A64EEA2F2FCE07FC00EB8E46 /* SpaceRunApp.swift */; };
		A64EEA322FCE07FC00EB8E46 /* CockpitView.swift in Sources */ = {isa = PBXBuildFile; fileRef = A64EEA312FCE07FC00EB8E46 /* CockpitView.swift */; };
		A64EEA342FCE080600EB8E46 /* Assets.xcassets in Resources */ = {isa = PBXBuildFile; fileRef = A64EEA332FCE080600EB8E46 /* Assets.xcassets */; };
		A64EEA372FCE080600EB8E46 /* Preview Assets.xcassets in Resources */ = {isa = PBXBuildFile; fileRef = A64EEA362FCE080600EB8E46 /* Preview Assets.xcassets */; };
		A64EEA442FCE0A9000EB8E46 /* FlightManager.swift in Sources */ = {isa = PBXBuildFile; fileRef = A64EEA432FCE0A9000EB8E46 /* FlightManager.swift */; };
		A6A40FCF2FD18519004A1C42 /* LaunchView.swift in Sources */ = {isa = PBXBuildFile; fileRef = A6A40FCE2FD18519004A1C42 /* LaunchView.swift */; };
		A6A40FD12FD18533004A1C42 /* HistoryView.swift in Sources */ = {isa = PBXBuildFile; fileRef = A6A40FD02FD18532004A1C42 /* HistoryView.swift */; };
/* End PBXBuildFile section */

/* Begin PBXContainerItemProxy section */
		A64EEA2C2FCE07FC00EB8E46 /* PBXContainerItemProxy */ = {
			isa = PBXContainerItemProxy;
			containerPortal = A64EEA122FCE07EB00EB8E46 /* Project object */;
			proxyType = 1;
			remoteGlobalIDString = A64EEA292FCE07FC00EB8E46;
			remoteInfo = "SpaceRun Watch App";
		};
/* End PBXContainerItemProxy section */

/* Begin PBXCopyFilesBuildPhase section */
		A64EEA3D2FCE080600EB8E46 /* Embed Watch Content */ = {
			isa = PBXCopyFilesBuildPhase;
			buildActionMask = 2147483647;
			dstPath = "$(CONTENTS_FOLDER_PATH)/Watch";
			dstSubfolderSpec = 16;
			files = (
				A64EEA2B2FCE07FC00EB8E46 /* SpaceRun Watch App.app in Embed Watch Content */,
			);
			name = "Embed Watch Content";
			runOnlyForDeploymentPostprocessing = 0;
		};
/* End PBXCopyFilesBuildPhase section */

/* Begin PBXFileReference section */
		A64EEA1A2FCE07ED00EB8E46 /* SpaceRun.app */ = {isa = PBXFileReference; explicitFileType = wrapper.application; includeInIndex = 0; path = SpaceRun.app; sourceTree = BUILT_PRODUCTS_DIR; };
		A64EEA1D2FCE07ED00EB8E46 /* SpaceRunApp.swift */ = {isa = PBXFileReference; lastKnownFileType = sourcecode.swift; path = SpaceRunApp.swift; sourceTree = "<group>"; };
		A64EEA1F2FCE07ED00EB8E46 /* ContentView.swift */ = {isa = PBXFileReference; lastKnownFileType = sourcecode.swift; path = ContentView.swift; sourceTree = "<group>"; };
		A64EEA212FCE07FC00EB8E46 /* Assets.xcassets */ = {isa = PBXFileReference; lastKnownFileType = folder.assetcatalog; path = Assets.xcassets; sourceTree = "<group>"; };
		A64EEA242FCE07FC00EB8E46 /* Preview Assets.xcassets */ = {isa = PBXFileReference; lastKnownFileType = folder.assetcatalog; path = "Preview Assets.xcassets"; sourceTree = "<group>"; };
		A64EEA2A2FCE07FC00EB8E46 /* SpaceRun Watch App.app */ = {isa = PBXFileReference; explicitFileType = wrapper.application; includeInIndex = 0; path = "SpaceRun Watch App.app"; sourceTree = BUILT_PRODUCTS_DIR; };
		A64EEA2F2FCE07FC00EB8E46 /* SpaceRunApp.swift */ = {isa = PBXFileReference; lastKnownFileType = sourcecode.swift; path = SpaceRunApp.swift; sourceTree = "<group>"; };
		A64EEA312FCE07FC00EB8E46 /* CockpitView.swift */ = {isa = PBXFileReference; lastKnownFileType = sourcecode.swift; path = CockpitView.swift; sourceTree = "<group>"; };
		A64EEA332FCE080600EB8E46 /* Assets.xcassets */ = {isa = PBXFileReference; lastKnownFileType = folder.assetcatalog; path = Assets.xcassets; sourceTree = "<group>"; };
		A64EEA362FCE080600EB8E46 /* Preview Assets.xcassets */ = {isa = PBXFileReference; lastKnownFileType = folder.assetcatalog; path = "Preview Assets.xcassets"; sourceTree = "<group>"; };
		A64EEA432FCE0A9000EB8E46 /* FlightManager.swift */ = {isa = PBXFileReference; lastKnownFileType = sourcecode.swift; path = FlightManager.swift; sourceTree = "<group>"; };
		A6A40FCD2FD17FAB004A1C42 /* SpaceRun Watch App.entitlements */ = {isa = PBXFileReference; lastKnownFileType = text.plist.entitlements; path = "SpaceRun Watch App.entitlements"; sourceTree = "<group>"; };
		A6A40FCE2FD18519004A1C42 /* LaunchView.swift */ = {isa = PBXFileReference; fileEncoding = 4; lastKnownFileType = sourcecode.swift; name = LaunchView.swift; path = ../../../../Downloads/LaunchView.swift; sourceTree = "<group>"; };
		A6A40FD02FD18532004A1C42 /* HistoryView.swift */ = {isa = PBXFileReference; fileEncoding = 4; lastKnownFileType = sourcecode.swift; name = HistoryView.swift; path = ../../../../Downloads/HistoryView.swift; sourceTree = "<group>"; };
/* End PBXFileReference section */

/* Begin PBXFrameworksBuildPhase section */
		A64EEA172FCE07ED00EB8E46 /* Frameworks */ = {
			isa = PBXFrameworksBuildPhase;
			buildActionMask = 2147483647;
			files = (
			);
			runOnlyForDeploymentPostprocessing = 0;
		};
		A64EEA272FCE07FC00EB8E46 /* Frameworks */ = {
			isa = PBXFrameworksBuildPhase;
			buildActionMask = 2147483647;
			files = (
			);
			runOnlyForDeploymentPostprocessing = 0;
		};
/* End PBXFrameworksBuildPhase section */

/* Begin PBXGroup section */
		A64EEA112FCE07EB00EB8E46 = {
			isa = PBXGroup;
			children = (
				A64EEA1C2FCE07ED00EB8E46 /* SpaceRun */,
				A64EEA2E2FCE07FC00EB8E46 /* SpaceRun Watch App */,
				A64EEA1B2FCE07ED00EB8E46 /* Products */,
			);
			sourceTree = "<group>";
		};
		A64EEA1B2FCE07ED00EB8E46 /* Products */ = {
			isa = PBXGroup;
			children = (
				A64EEA1A2FCE07ED00EB8E46 /* SpaceRun.app */,
				A64EEA2A2FCE07FC00EB8E46 /* SpaceRun Watch App.app */,
			);
			name = Products;
			sourceTree = "<group>";
		};
		A64EEA1C2FCE07ED00EB8E46 /* SpaceRun */ = {
			isa = PBXGroup;
			children = (
				A64EEA1D2FCE07ED00EB8E46 /* SpaceRunApp.swift */,
				A64EEA1F2FCE07ED00EB8E46 /* ContentView.swift */,
				A64EEA212FCE07FC00EB8E46 /* Assets.xcassets */,
				A64EEA232FCE07FC00EB8E46 /* Preview Content */,
			);
			path = SpaceRun;
			sourceTree = "<group>";
		};
		A64EEA232FCE07FC00EB8E46 /* Preview Content */ = {
			isa = PBXGroup;
			children = (
				A64EEA242FCE07FC00EB8E46 /* Preview Assets.xcassets */,
			);
			path = "Preview Content";
			sourceTree = "<group>";
		};
		A64EEA2E2FCE07FC00EB8E46 /* SpaceRun Watch App */ = {
			isa = PBXGroup;
			children = (
				A6A40FCD2FD17FAB004A1C42 /* SpaceRun Watch App.entitlements */,
				A64EEA2F2FCE07FC00EB8E46 /* SpaceRunApp.swift */,
				A64EEA432FCE0A9000EB8E46 /* FlightManager.swift */,
				A6A40FD02FD18532004A1C42 /* HistoryView.swift */,
				A6A40FCE2FD18519004A1C42 /* LaunchView.swift */,
				A64EEA312FCE07FC00EB8E46 /* CockpitView.swift */,
				A64EEA332FCE080600EB8E46 /* Assets.xcassets */,
				A64EEA352FCE080600EB8E46 /* Preview Content */,
			);
			path = "SpaceRun Watch App";
			sourceTree = "<group>";
		};
		A64EEA352FCE080600EB8E46 /* Preview Content */ = {
			isa = PBXGroup;
			children = (
				A64EEA362FCE080600EB8E46 /* Preview Assets.xcassets */,
			);
			path = "Preview Content";
			sourceTree = "<group>";
		};
/* End PBXGroup section */

/* Begin PBXNativeTarget section */
		A64EEA192FCE07ED00EB8E46 /* SpaceRun */ = {
			isa = PBXNativeTarget;
			buildConfigurationList = A64EEA3E2FCE080600EB8E46 /* Build configuration list for PBXNativeTarget "SpaceRun" */;
			buildPhases = (
				A64EEA162FCE07ED00EB8E46 /* Sources */,
				A64EEA172FCE07ED00EB8E46 /* Frameworks */,
				A64EEA182FCE07ED00EB8E46 /* Resources */,
				A64EEA3D2FCE080600EB8E46 /* Embed Watch Content */,
			);
			buildRules = (
			);
			dependencies = (
				A64EEA2D2FCE07FC00EB8E46 /* PBXTargetDependency */,
			);
			name = SpaceRun;
			productName = SpaceRun;
			productReference = A64EEA1A2FCE07ED00EB8E46 /* SpaceRun.app */;
			productType = "com.apple.product-type.application";
		};
		A64EEA292FCE07FC00EB8E46 /* SpaceRun Watch App */ = {
			isa = PBXNativeTarget;
			buildConfigurationList = A64EEA3A2FCE080600EB8E46 /* Build configuration list for PBXNativeTarget "SpaceRun Watch App" */;
			buildPhases = (
				A64EEA262FCE07FC00EB8E46 /* Sources */,
				A64EEA272FCE07FC00EB8E46 /* Frameworks */,
				A64EEA282FCE07FC00EB8E46 /* Resources */,
			);
			buildRules = (
			);
			dependencies = (
			);
			name = "SpaceRun Watch App";
			productName = "SpaceRun Watch App";
			productReference = A64EEA2A2FCE07FC00EB8E46 /* SpaceRun Watch App.app */;
			productType = "com.apple.product-type.application";
		};
/* End PBXNativeTarget section */

/* Begin PBXProject section */
		A64EEA122FCE07EB00EB8E46 /* Project object */ = {
			isa = PBXProject;
			attributes = {
				BuildIndependentTargetsInParallel = 1;
				LastSwiftUpdateCheck = 1520;
				LastUpgradeCheck = 1520;
				TargetAttributes = {
					A64EEA192FCE07ED00EB8E46 = {
						CreatedOnToolsVersion = 15.2;
					};
					A64EEA292FCE07FC00EB8E46 = {
						CreatedOnToolsVersion = 15.2;
					};
				};
			};
			buildConfigurationList = A64EEA152FCE07EB00EB8E46 /* Build configuration list for PBXProject "SpaceRun" */;
			compatibilityVersion = "Xcode 14.0";
			developmentRegion = en;
			hasScannedForEncodings = 0;
			knownRegions = (
				en,
				Base,
			);
			mainGroup = A64EEA112FCE07EB00EB8E46;
			productRefGroup = A64EEA1B2FCE07ED00EB8E46 /* Products */;
			projectDirPath = "";
			projectRoot = "";
			targets = (
				A64EEA192FCE07ED00EB8E46 /* SpaceRun */,
				A64EEA292FCE07FC00EB8E46 /* SpaceRun Watch App */,
			);
		};
/* End PBXProject section */

/* Begin PBXResourcesBuildPhase section */
		A64EEA182FCE07ED00EB8E46 /* Resources */ = {
			isa = PBXResourcesBuildPhase;
			buildActionMask = 2147483647;
			files = (
				A64EEA252FCE07FC00EB8E46 /* Preview Assets.xcassets in Resources */,
				A64EEA222FCE07FC00EB8E46 /* Assets.xcassets in Resources */,
			);
			runOnlyForDeploymentPostprocessing = 0;
		};
		A64EEA282FCE07FC00EB8E46 /* Resources */ = {
			isa = PBXResourcesBuildPhase;
			buildActionMask = 2147483647;
			files = (
				A64EEA372FCE080600EB8E46 /* Preview Assets.xcassets in Resources */,
				A64EEA342FCE080600EB8E46 /* Assets.xcassets in Resources */,
			);
			runOnlyForDeploymentPostprocessing = 0;
		};
/* End PBXResourcesBuildPhase section */

/* Begin PBXSourcesBuildPhase section */
		A64EEA162FCE07ED00EB8E46 /* Sources */ = {
			isa = PBXSourcesBuildPhase;
			buildActionMask = 2147483647;
			files = (
				A64EEA202FCE07ED00EB8E46 /* ContentView.swift in Sources */,
				A64EEA1E2FCE07ED00EB8E46 /* SpaceRunApp.swift in Sources */,
			);
			runOnlyForDeploymentPostprocessing = 0;
		};
		A64EEA262FCE07FC00EB8E46 /* Sources */ = {
			isa = PBXSourcesBuildPhase;
			buildActionMask = 2147483647;
			files = (
				A64EEA322FCE07FC00EB8E46 /* CockpitView.swift in Sources */,
				A6A40FCF2FD18519004A1C42 /* LaunchView.swift in Sources */,
				A6A40FD12FD18533004A1C42 /* HistoryView.swift in Sources */,
				A64EEA302FCE07FC00EB8E46 /* SpaceRunApp.swift in Sources */,
				A64EEA442FCE0A9000EB8E46 /* FlightManager.swift in Sources */,
			);
			runOnlyForDeploymentPostprocessing = 0;
		};
/* End PBXSourcesBuildPhase section */

/* Begin PBXTargetDependency section */
		A64EEA2D2FCE07FC00EB8E46 /* PBXTargetDependency */ = {
			isa = PBXTargetDependency;
			target = A64EEA292FCE07FC00EB8E46 /* SpaceRun Watch App */;
			targetProxy = A64EEA2C2FCE07FC00EB8E46 /* PBXContainerItemProxy */;
		};
/* End PBXTargetDependency section */

/* Begin XCBuildConfiguration section */
		A64EEA382FCE080600EB8E46 /* Debug */ = {
			isa = XCBuildConfiguration;
			buildSettings = {
				ALWAYS_SEARCH_USER_PATHS = NO;
				ASSETCATALOG_COMPILER_GENERATE_SWIFT_ASSET_SYMBOL_EXTENSIONS = YES;
				CLANG_ANALYZER_NONNULL = YES;
				CLANG_ANALYZER_NUMBER_OBJECT_CONVERSION = YES_AGGRESSIVE;
				CLANG_CXX_LANGUAGE_STANDARD = "gnu++20";
				CLANG_ENABLE_MODULES = YES;
				CLANG_ENABLE_OBJC_ARC = YES;
				CLANG_ENABLE_OBJC_WEAK = YES;
				CLANG_WARN_BLOCK_CAPTURE_AUTORELEASING = YES;
				CLANG_WARN_BOOL_CONVERSION = YES;
				CLANG_WARN_COMMA = YES;
				CLANG_WARN_CONSTANT_CONVERSION = YES;
				CLANG_WARN_DEPRECATED_OBJC_IMPLEMENTATIONS = YES;
				CLANG_WARN_DIRECT_OBJC_ISA_USAGE = YES_ERROR;
				CLANG_WARN_DOCUMENTATION_COMMENTS = YES;
				CLANG_WARN_EMPTY_BODY = YES;
				CLANG_WARN_ENUM_CONVERSION = YES;
				CLANG_WARN_INFINITE_RECURSION = YES;
				CLANG_WARN_INT_CONVERSION = YES;
				CLANG_WARN_NON_LITERAL_NULL_CONVERSION = YES;
				CLANG_WARN_OBJC_IMPLICIT_RETAIN_SELF = YES;
				CLANG_WARN_OBJC_LITERAL_CONVERSION = YES;
				CLANG_WARN_OBJC_ROOT_CLASS = YES_ERROR;
				CLANG_WARN_QUOTED_INCLUDE_IN_FRAMEWORK_HEADER = YES;
				CLANG_WARN_RANGE_LOOP_ANALYSIS = YES;
				CLANG_WARN_STRICT_PROTOTYPES = YES;
				CLANG_WARN_SUSPICIOUS_MOVE = YES;
				CLANG_WARN_UNGUARDED_AVAILABILITY = YES_AGGRESSIVE;
				CLANG_WARN_UNREACHABLE_CODE = YES;
				CLANG_WARN__DUPLICATE_METHOD_MATCH = YES;
				COPY_PHASE_STRIP = NO;
				DEBUG_INFORMATION_FORMAT = dwarf;
				ENABLE_STRICT_OBJC_MSGSEND = YES;
				ENABLE_TESTABILITY = YES;
				ENABLE_USER_SCRIPT_SANDBOXING = YES;
				GCC_C_LANGUAGE_STANDARD = gnu17;
				GCC_DYNAMIC_NO_PIC = NO;
				GCC_NO_COMMON_BLOCKS = YES;
				GCC_OPTIMIZATION_LEVEL = 0;
				GCC_PREPROCESSOR_DEFINITIONS = (
					"DEBUG=1",
					"$(inherited)",
				);
				GCC_WARN_64_TO_32_BIT_CONVERSION = YES;
				GCC_WARN_ABOUT_RETURN_TYPE = YES_ERROR;
				GCC_WARN_UNDECLARED_SELECTOR = YES;
				GCC_WARN_UNINITIALIZED_AUTOS = YES_AGGRESSIVE;
				GCC_WARN_UNUSED_FUNCTION = YES;
				GCC_WARN_UNUSED_VARIABLE = YES;
				LOCALIZATION_PREFERS_STRING_CATALOGS = YES;
				MTL_ENABLE_DEBUG_INFO = INCLUDE_SOURCE;
				MTL_FAST_MATH = YES;
				ONLY_ACTIVE_ARCH = YES;
				SWIFT_ACTIVE_COMPILATION_CONDITIONS = "DEBUG $(inherited)";
				SWIFT_OPTIMIZATION_LEVEL = "-Onone";
			};
			name = Debug;
		};
		A64EEA392FCE080600EB8E46 /* Release */ = {
			isa = XCBuildConfiguration;
			buildSettings = {
				ALWAYS_SEARCH_USER_PATHS = NO;
				ASSETCATALOG_COMPILER_GENERATE_SWIFT_ASSET_SYMBOL_EXTENSIONS = YES;
				CLANG_ANALYZER_NONNULL = YES;
				CLANG_ANALYZER_NUMBER_OBJECT_CONVERSION = YES_AGGRESSIVE;
				CLANG_CXX_LANGUAGE_STANDARD = "gnu++20";
				CLANG_ENABLE_MODULES = YES;
				CLANG_ENABLE_OBJC_ARC = YES;
				CLANG_ENABLE_OBJC_WEAK = YES;
				CLANG_WARN_BLOCK_CAPTURE_AUTORELEASING = YES;
				CLANG_WARN_BOOL_CONVERSION = YES;
				CLANG_WARN_COMMA = YES;
				CLANG_WARN_CONSTANT_CONVERSION = YES;
				CLANG_WARN_DEPRECATED_OBJC_IMPLEMENTATIONS = YES;
				CLANG_WARN_DIRECT_OBJC_ISA_USAGE = YES_ERROR;
				CLANG_WARN_DOCUMENTATION_COMMENTS = YES;
				CLANG_WARN_EMPTY_BODY = YES;
				CLANG_WARN_ENUM_CONVERSION = YES;
				CLANG_WARN_INFINITE_RECURSION = YES;
				CLANG_WARN_INT_CONVERSION = YES;
				CLANG_WARN_NON_LITERAL_NULL_CONVERSION = YES;
				CLANG_WARN_OBJC_IMPLICIT_RETAIN_SELF = YES;
				CLANG_WARN_OBJC_LITERAL_CONVERSION = YES;
				CLANG_WARN_OBJC_ROOT_CLASS = YES_ERROR;
				CLANG_WARN_QUOTED_INCLUDE_IN_FRAMEWORK_HEADER = YES;
				CLANG_WARN_RANGE_LOOP_ANALYSIS = YES;
				CLANG_WARN_STRICT_PROTOTYPES = YES;
				CLANG_WARN_SUSPICIOUS_MOVE = YES;
				CLANG_WARN_UNGUARDED_AVAILABILITY = YES_AGGRESSIVE;
				CLANG_WARN_UNREACHABLE_CODE = YES;
				CLANG_WARN__DUPLICATE_METHOD_MATCH = YES;
				COPY_PHASE_STRIP = NO;
				DEBUG_INFORMATION_FORMAT = "dwarf-with-dsym";
				ENABLE_NS_ASSERTIONS = NO;
				ENABLE_STRICT_OBJC_MSGSEND = YES;
				ENABLE_USER_SCRIPT_SANDBOXING = YES;
				GCC_C_LANGUAGE_STANDARD = gnu17;
				GCC_NO_COMMON_BLOCKS = YES;
				GCC_WARN_64_TO_32_BIT_CONVERSION = YES;
				GCC_WARN_ABOUT_RETURN_TYPE = YES_ERROR;
				GCC_WARN_UNDECLARED_SELECTOR = YES;
				GCC_WARN_UNINITIALIZED_AUTOS = YES_AGGRESSIVE;
				GCC_WARN_UNUSED_FUNCTION = YES;
				GCC_WARN_UNUSED_VARIABLE = YES;
				LOCALIZATION_PREFERS_STRING_CATALOGS = YES;
				MTL_ENABLE_DEBUG_INFO = NO;
				MTL_FAST_MATH = YES;
				SWIFT_COMPILATION_MODE = wholemodule;
			};
			name = Release;
		};
		A64EEA3B2FCE080600EB8E46 /* Debug */ = {
			isa = XCBuildConfiguration;
			buildSettings = {
				ASSETCATALOG_COMPILER_APPICON_NAME = AppIcon;
				ASSETCATALOG_COMPILER_GLOBAL_ACCENT_COLOR_NAME = AccentColor;
				CODE_SIGN_ENTITLEMENTS = "SpaceRun Watch App/SpaceRun Watch App.entitlements";
				CODE_SIGN_STYLE = Automatic;
				CURRENT_PROJECT_VERSION = 1;
				DEVELOPMENT_ASSET_PATHS = "\"SpaceRun Watch App/Preview Content\"";
				DEVELOPMENT_TEAM = 76XXQ3ZV4V;
				ENABLE_PREVIEWS = YES;
				GENERATE_INFOPLIST_FILE = YES;
				INFOPLIST_KEY_CFBundleDisplayName = SpaceRun;
				INFOPLIST_KEY_NSHealthShareUsageDescription = "SpaceRun odczytuje dystans i tętno podczas biegu";
				INFOPLIST_KEY_NSHealthUpdateUsageDescription = "SpaceRun zapisuje Twój trening biegowy";
				INFOPLIST_KEY_UISupportedInterfaceOrientations = "UIInterfaceOrientationPortrait UIInterfaceOrientationPortraitUpsideDown";
				INFOPLIST_KEY_WKCompanionAppBundleIdentifier = pz.SpaceRun;
				LD_RUNPATH_SEARCH_PATHS = (
					"$(inherited)",
					"@executable_path/Frameworks",
				);
				MARKETING_VERSION = 1.0;
				PRODUCT_BUNDLE_IDENTIFIER = pz.SpaceRun.watchkitapp;
				PRODUCT_NAME = "$(TARGET_NAME)";
				SDKROOT = watchos;
				SKIP_INSTALL = YES;
				SWIFT_EMIT_LOC_STRINGS = YES;
				SWIFT_VERSION = 5.0;
				TARGETED_DEVICE_FAMILY = 4;
				WATCHOS_DEPLOYMENT_TARGET = 10.2;
			};
			name = Debug;
		};
		A64EEA3C2FCE080600EB8E46 /* Release */ = {
			isa = XCBuildConfiguration;
			buildSettings = {
				ASSETCATALOG_COMPILER_APPICON_NAME = AppIcon;
				ASSETCATALOG_COMPILER_GLOBAL_ACCENT_COLOR_NAME = AccentColor;
				CODE_SIGN_ENTITLEMENTS = "SpaceRun Watch App/SpaceRun Watch App.entitlements";
				CODE_SIGN_STYLE = Automatic;
				CURRENT_PROJECT_VERSION = 1;
				DEVELOPMENT_ASSET_PATHS = "\"SpaceRun Watch App/Preview Content\"";
				DEVELOPMENT_TEAM = 76XXQ3ZV4V;
				ENABLE_PREVIEWS = YES;
				GENERATE_INFOPLIST_FILE = YES;
				INFOPLIST_KEY_CFBundleDisplayName = SpaceRun;
				INFOPLIST_KEY_NSHealthShareUsageDescription = "SpaceRun odczytuje dystans i tętno podczas biegu";
				INFOPLIST_KEY_NSHealthUpdateUsageDescription = "SpaceRun zapisuje Twój trening biegowy";
				INFOPLIST_KEY_UISupportedInterfaceOrientations = "UIInterfaceOrientationPortrait UIInterfaceOrientationPortraitUpsideDown";
				INFOPLIST_KEY_WKCompanionAppBundleIdentifier = pz.SpaceRun;
				LD_RUNPATH_SEARCH_PATHS = (
					"$(inherited)",
					"@executable_path/Frameworks",
				);
				MARKETING_VERSION = 1.0;
				PRODUCT_BUNDLE_IDENTIFIER = pz.SpaceRun.watchkitapp;
				PRODUCT_NAME = "$(TARGET_NAME)";
				SDKROOT = watchos;
				SKIP_INSTALL = YES;
				SWIFT_EMIT_LOC_STRINGS = YES;
				SWIFT_VERSION = 5.0;
				TARGETED_DEVICE_FAMILY = 4;
				VALIDATE_PRODUCT = YES;
				WATCHOS_DEPLOYMENT_TARGET = 10.2;
			};
			name = Release;
		};
		A64EEA3F2FCE080600EB8E46 /* Debug */ = {
			isa = XCBuildConfiguration;
			buildSettings = {
				ALWAYS_EMBED_SWIFT_STANDARD_LIBRARIES = YES;
				ASSETCATALOG_COMPILER_APPICON_NAME = AppIcon;
				ASSETCATALOG_COMPILER_GLOBAL_ACCENT_COLOR_NAME = AccentColor;
				CODE_SIGN_STYLE = Automatic;
				CURRENT_PROJECT_VERSION = 1;
				DEVELOPMENT_ASSET_PATHS = "\"SpaceRun/Preview Content\"";
				DEVELOPMENT_TEAM = 76XXQ3ZV4V;
				ENABLE_PREVIEWS = YES;
				GENERATE_INFOPLIST_FILE = YES;
				INFOPLIST_KEY_CFBundleDisplayName = SpaceRun;
				INFOPLIST_KEY_UIApplicationSceneManifest_Generation = YES;
				INFOPLIST_KEY_UIApplicationSupportsIndirectInputEvents = YES;
				INFOPLIST_KEY_UILaunchScreen_Generation = YES;
				INFOPLIST_KEY_UISupportedInterfaceOrientations_iPad = "UIInterfaceOrientationPortrait UIInterfaceOrientationPortraitUpsideDown UIInterfaceOrientationLandscapeLeft UIInterfaceOrientationLandscapeRight";
				INFOPLIST_KEY_UISupportedInterfaceOrientations_iPhone = "UIInterfaceOrientationPortrait UIInterfaceOrientationLandscapeLeft UIInterfaceOrientationLandscapeRight";
				IPHONEOS_DEPLOYMENT_TARGET = 17.2;
				LD_RUNPATH_SEARCH_PATHS = (
					"$(inherited)",
					"@executable_path/Frameworks",
				);
				MARKETING_VERSION = 1.0;
				PRODUCT_BUNDLE_IDENTIFIER = pz.SpaceRun;
				PRODUCT_NAME = "$(TARGET_NAME)";
				SDKROOT = iphoneos;
				SUPPORTED_PLATFORMS = "iphoneos iphonesimulator";
				SUPPORTS_MACCATALYST = NO;
				SUPPORTS_XR_DESIGNED_FOR_IPHONE_IPAD = NO;
				SWIFT_EMIT_LOC_STRINGS = YES;
				SWIFT_VERSION = 5.0;
				TARGETED_DEVICE_FAMILY = "1,2";
			};
			name = Debug;
		};
		A64EEA402FCE080600EB8E46 /* Release */ = {
			isa = XCBuildConfiguration;
			buildSettings = {
				ALWAYS_EMBED_SWIFT_STANDARD_LIBRARIES = YES;
				ASSETCATALOG_COMPILER_APPICON_NAME = AppIcon;
				ASSETCATALOG_COMPILER_GLOBAL_ACCENT_COLOR_NAME = AccentColor;
				CODE_SIGN_STYLE = Automatic;
				CURRENT_PROJECT_VERSION = 1;
				DEVELOPMENT_ASSET_PATHS = "\"SpaceRun/Preview Content\"";
				DEVELOPMENT_TEAM = 76XXQ3ZV4V;
				ENABLE_PREVIEWS = YES;
				GENERATE_INFOPLIST_FILE = YES;
				INFOPLIST_KEY_CFBundleDisplayName = SpaceRun;
				INFOPLIST_KEY_UIApplicationSceneManifest_Generation = YES;
				INFOPLIST_KEY_UIApplicationSupportsIndirectInputEvents = YES;
				INFOPLIST_KEY_UILaunchScreen_Generation = YES;
				INFOPLIST_KEY_UISupportedInterfaceOrientations_iPad = "UIInterfaceOrientationPortrait UIInterfaceOrientationPortraitUpsideDown UIInterfaceOrientationLandscapeLeft UIInterfaceOrientationLandscapeRight";
				INFOPLIST_KEY_UISupportedInterfaceOrientations_iPhone = "UIInterfaceOrientationPortrait UIInterfaceOrientationLandscapeLeft UIInterfaceOrientationLandscapeRight";
				IPHONEOS_DEPLOYMENT_TARGET = 17.2;
				LD_RUNPATH_SEARCH_PATHS = (
					"$(inherited)",
					"@executable_path/Frameworks",
				);
				MARKETING_VERSION = 1.0;
				PRODUCT_BUNDLE_IDENTIFIER = pz.SpaceRun;
				PRODUCT_NAME = "$(TARGET_NAME)";
				SDKROOT = iphoneos;
				SUPPORTED_PLATFORMS = "iphoneos iphonesimulator";
				SUPPORTS_MACCATALYST = NO;
				SUPPORTS_XR_DESIGNED_FOR_IPHONE_IPAD = NO;
				SWIFT_EMIT_LOC_STRINGS = YES;
				SWIFT_VERSION = 5.0;
				TARGETED_DEVICE_FAMILY = "1,2";
				VALIDATE_PRODUCT = YES;
			};
			name = Release;
		};
/* End XCBuildConfiguration section */

/* Begin XCConfigurationList section */
		A64EEA152FCE07EB00EB8E46 /* Build configuration list for PBXProject "SpaceRun" */ = {
			isa = XCConfigurationList;
			buildConfigurations = (
				A64EEA382FCE080600EB8E46 /* Debug */,
				A64EEA392FCE080600EB8E46 /* Release */,
			);
			defaultConfigurationIsVisible = 0;
			defaultConfigurationName = Release;
		};
		A64EEA3A2FCE080600EB8E46 /* Build configuration list for PBXNativeTarget "SpaceRun Watch App" */ = {
			isa = XCConfigurationList;
			buildConfigurations = (
				A64EEA3B2FCE080600EB8E46 /* Debug */,
				A64EEA3C2FCE080600EB8E46 /* Release */,
			);
			defaultConfigurationIsVisible = 0;
			defaultConfigurationName = Release;
		};
		A64EEA3E2FCE080600EB8E46 /* Build configuration list for PBXNativeTarget "SpaceRun" */ = {
			isa = XCConfigurationList;
			buildConfigurations = (
				A64EEA3F2FCE080600EB8E46 /* Debug */,
				A64EEA402FCE080600EB8E46 /* Release */,
			);
			defaultConfigurationIsVisible = 0;
			defaultConfigurationName = Release;
		};
/* End XCConfigurationList section */
	};
	rootObject = A64EEA122FCE07EB00EB8E46 /* Project object */;
}
